
Microsoft Visual Studio Solution File, Format Version 12.00
# Visual Studio Version 17
VisualStudioVersion = 17.11.35327.3
MinimumVisualStudioVersion = 10.0.40219.1
Project("{9A19103F-16F7-4668-BE54-9A1E7A4F7556}") = "OptimizelyDemo", "OptimizelyDemo.csproj", "{5432F70A-1A3D-4AEE-87EE-834651375D56}"
EndProject
Global
	GlobalSection(SolutionConfigurationPlatforms) = preSolution
		Debug|Any CPU = Debug|Any CPU
		Release|Any CPU = Release|Any CPU
	EndGlobalSection
	GlobalSection(ProjectConfigurationPlatforms) = postSolution
		{5432F70A-1A3D-4AEE-87EE-834651375D56}.Debug|Any CPU.ActiveCfg = Debug|Any CPU
		{5432F70A-1A3D-4AEE-87EE-834651375D56}.Debug|Any CPU.Build.0 = Debug|Any CPU
		{5432F70A-1A3D-4AEE-87EE-834651375D56}.Release|Any CPU.ActiveCfg = Release|Any CPU
		{5432F70A-1A3D-4AEE-87EE-834651375D56}.Release|Any CPU.Build.0 = Release|Any CPU
	EndGlobalSection
	GlobalSection(SolutionProperties) = preSolution
		HideSolutionNode = FALSE
	EndGlobalSection
	GlobalSection(ExtensibilityGlobals) = postSolution
		SolutionGuid = {200380F0-7DAC-4144-BFCC-60B1A82D095A}
	EndGlobalSection
EndGlobal
